
Microsoft Visual Studio Solution File, Format Version 12.00
# Visual Studio Version 17
VisualStudioVersion = 17.0.31903.59
MinimumVisualStudioVersion = 10.0.40219.1
Project("{FAE04EC0-301F-11D3-BF4B-00C04F79EFBC}") = "TeslaACDC.API", "TeslaACDC.API\TeslaACDC.API.csproj", "{0F49C66B-5100-4529-BD33-9062D0E6F251}"
EndProject
Project("{FAE04EC0-301F-11D3-BF4B-00C04F79EFBC}") = "TeslaACDC.Data", "TeslaACDC.Data\TeslaACDC.Data.csproj", "{178777D9-BB92-4B45-907E-92E396C91316}"
EndProject
Project("{FAE04EC0-301F-11D3-BF4B-00C04F79EFBC}") = "TeslaACDC.Business", "TeslaACDC.Business\TeslaACDC.Business.csproj", "{32F92C10-4407-48D7-93B5-BE765EE405E5}"
EndProject
Project("{FAE04EC0-301F-11D3-BF4B-00C04F79EFBC}") = "TeslaACDC.Testing", "TeslaACDC.Testing\TeslaACDC.Testing.csproj", "{4AF68FBE-BB9B-4C01-BA4E-D98F111A06FD}"
EndProject
Global
	GlobalSection(SolutionConfigurationPlatforms) = preSolution
		Debug|Any CPU = Debug|Any CPU
		Release|Any CPU = Release|Any CPU
	EndGlobalSection
	GlobalSection(SolutionProperties) = preSolution
		HideSolutionNode = FALSE
	EndGlobalSection
	GlobalSection(ProjectConfigurationPlatforms) = postSolution
		{0F49C66B-5100-4529-BD33-9062D0E6F251}.Debug|Any CPU.ActiveCfg = Debug|Any CPU
		{0F49C66B-5100-4529-BD33-9062D0E6F251}.Debug|Any CPU.Build.0 = Debug|Any CPU
		{0F49C66B-5100-4529-BD33-9062D0E6F251}.Release|Any CPU.ActiveCfg = Release|Any CPU
		{0F49C66B-5100-4529-BD33-9062D0E6F251}.Release|Any CPU.Build.0 = Release|Any CPU
		{178777D9-BB92-4B45-907E-92E396C91316}.Debug|Any CPU.ActiveCfg = Debug|Any CPU
		{178777D9-BB92-4B45-907E-92E396C91316}.Debug|Any CPU.Build.0 = Debug|Any CPU
		{178777D9-BB92-4B45-907E-92E396C91316}.Release|Any CPU.ActiveCfg = Release|Any CPU
		{178777D9-BB92-4B45-907E-92E396C91316}.Release|Any CPU.Build.0 = Release|Any CPU
		{32F92C10-4407-48D7-93B5-BE765EE405E5}.Debug|Any CPU.ActiveCfg = Debug|Any CPU
		{32F92C10-4407-48D7-93B5-BE765EE405E5}.Debug|Any CPU.Build.0 = Debug|Any CPU
		{32F92C10-4407-48D7-93B5-BE765EE405E5}.Release|Any CPU.ActiveCfg = Release|Any CPU
		{32F92C10-4407-48D7-93B5-BE765EE405E5}.Release|Any CPU.Build.0 = Release|Any CPU
		{4AF68FBE-BB9B-4C01-BA4E-D98F111A06FD}.Debug|Any CPU.ActiveCfg = Debug|Any CPU
		{4AF68FBE-BB9B-4C01-BA4E-D98F111A06FD}.Debug|Any CPU.Build.0 = Debug|Any CPU
		{4AF68FBE-BB9B-4C01-BA4E-D98F111A06FD}.Release|Any CPU.ActiveCfg = Release|Any CPU
		{4AF68FBE-BB9B-4C01-BA4E-D98F111A06FD}.Release|Any CPU.Build.0 = Release|Any CPU
	EndGlobalSection
EndGlobal
